
Microsoft Visual Studio Solution File, Format Version 12.00
# Visual Studio Version 17
VisualStudioVersion = 17.2.32526.322
MinimumVisualStudioVersion = 10.0.40219.1
Project("{9A19103F-16F7-4668-BE54-9A1E7A4F7556}") = "WPFMailClient", "WpfApp1\WPFMailClient.csproj", "{44DD0B1E-0478-49FB-A518-07F54239B1C5}"
EndProject
Global
	GlobalSection(SolutionConfigurationPlatforms) = preSolution
		Debug|Any CPU = Debug|Any CPU
		Release|Any CPU = Release|Any CPU
	EndGlobalSection
	GlobalSection(ProjectConfigurationPlatforms) = postSolution
		{44DD0B1E-0478-49FB-A518-07F54239B1C5}.Debug|Any CPU.ActiveCfg = Debug|Any CPU
		{44DD0B1E-0478-49FB-A518-07F54239B1C5}.Debug|Any CPU.Build.0 = Debug|Any CPU
		{44DD0B1E-0478-49FB-A518-07F54239B1C5}.Release|Any CPU.ActiveCfg = Release|Any CPU
		{44DD0B1E-0478-49FB-A518-07F54239B1C5}.Release|Any CPU.Build.0 = Release|Any CPU
	EndGlobalSection
	GlobalSection(SolutionProperties) = preSolution
		HideSolutionNode = FALSE
	EndGlobalSection
	GlobalSection(ExtensibilityGlobals) = postSolution
		SolutionGuid = {F0BD50FC-1672-451F-94B5-BA1730F82E7D}
	EndGlobalSection
EndGlobal
